
Microsoft Visual Studio Solution File, Format Version 12.00
# Visual Studio Version 17
VisualStudioVersion = 17.0.32014.148
MinimumVisualStudioVersion = 10.0.40219.1
Project("{FAE04EC0-301F-11D3-BF4B-00C04F79EFBC}") = "BubbleSort-V1", "BubbleSort-V1\BubbleSort-V1.csproj", "{03B1CE51-EA95-47D9-8B08-0720B736B98B}"
EndProject
Global
	GlobalSection(SolutionConfigurationPlatforms) = preSolution
		Debug|Any CPU = Debug|Any CPU
		Release|Any CPU = Release|Any CPU
	EndGlobalSection
	GlobalSection(ProjectConfigurationPlatforms) = postSolution
		{03B1CE51-EA95-47D9-8B08-0720B736B98B}.Debug|Any CPU.ActiveCfg = Debug|Any CPU
		{03B1CE51-EA95-47D9-8B08-0720B736B98B}.Debug|Any CPU.Build.0 = Debug|Any CPU
		{03B1CE51-EA95-47D9-8B08-0720B736B98B}.Release|Any CPU.ActiveCfg = Release|Any CPU
		{03B1CE51-EA95-47D9-8B08-0720B736B98B}.Release|Any CPU.Build.0 = Release|Any CPU
	EndGlobalSection
	GlobalSection(SolutionProperties) = preSolution
		HideSolutionNode = FALSE
	EndGlobalSection
	GlobalSection(ExtensibilityGlobals) = postSolution
		SolutionGuid = {6B93DABE-0264-48C0-B087-6CA956007129}
	EndGlobalSection
EndGlobal
